dependencies:
- name: tigera-operator
  repository: https://projectcalico.docs.tigera.io/charts
  version: v3.25.1
- name: external-secrets
  repository: https://charts.external-secrets.io
  version: 0.9.1
- name: permission-access
  repository: file://./charts/permission-access
  version: 0.1.0
- name: nginx-ingress
  repository: file://./charts/nginx-ingress
  version: 0.1.0
- name: gcp-monitoring-collectors
  repository: file://./charts/gcp-monitoring-collectors
  version: 0.2.8
- name: karpenter
  repository: file://./charts/karpenter
  version: 0.1.0
digest: sha256:e685f71358aa0bf849ef057c124dbd4dad6c1c22bcc2acb02750028254b60282
generated: "2023-08-01T17:26:58.612462763+03:00"
